
Microsoft Visual Studio Solution File, Format Version 12.00
# Visual Studio 14
VisualStudioVersion = 14.0.24720.0
MinimumVisualStudioVersion = 10.0.40219.1
Project("{8BC9CEB8-8B4A-11D0-8D11-00A0C91BC942}") = "clench", "clench\clench.vcxproj", "{D312F3F5-D7E0-457E-BAD3-E802987B633B}"
EndProject
Project("{8BC9CEB8-8B4A-11D0-8D11-00A0C91BC942}") = "wrench", "wrench\wrench.vcxproj", "{16EDD624-72C4-42E8-86C7-59F14912AC48}"
EndProject
Project("{2150E333-8FDC-42A3-9474-1A3956D46DE8}") = "Solution Items", "Solution Items", "{98A429AA-2A91-487F-9799-E4FA07FF744C}"
	ProjectSection(SolutionItems) = preProject
		README.md = README.md
	EndProjectSection
EndProject
Global
	GlobalSection(SolutionConfigurationPlatforms) = preSolution
		Debug|x64 = Debug|x64
		Debug|x86 = Debug|x86
		Release|x64 = Release|x64
		Release|x86 = Release|x86
	EndGlobalSection
	GlobalSection(ProjectConfigurationPlatforms) = postSolution
		{D312F3F5-D7E0-457E-BAD3-E802987B633B}.Debug|x64.ActiveCfg = Debug|x64
		{D312F3F5-D7E0-457E-BAD3-E802987B633B}.Debug|x64.Build.0 = Debug|x64
		{D312F3F5-D7E0-457E-BAD3-E802987B633B}.Debug|x86.ActiveCfg = Debug|Win32
		{D312F3F5-D7E0-457E-BAD3-E802987B633B}.Debug|x86.Build.0 = Debug|Win32
		{D312F3F5-D7E0-457E-BAD3-E802987B633B}.Release|x64.ActiveCfg = Release|x64
		{D312F3F5-D7E0-457E-BAD3-E802987B633B}.Release|x64.Build.0 = Release|x64
		{D312F3F5-D7E0-457E-BAD3-E802987B633B}.Release|x86.ActiveCfg = Release|Win32
		{D312F3F5-D7E0-457E-BAD3-E802987B633B}.Release|x86.Build.0 = Release|Win32
		{16EDD624-72C4-42E8-86C7-59F14912AC48}.Debug|x64.ActiveCfg = Debug|x64
		{16EDD624-72C4-42E8-86C7-59F14912AC48}.Debug|x64.Build.0 = Debug|x64
		{16EDD624-72C4-42E8-86C7-59F14912AC48}.Debug|x86.ActiveCfg = Debug|Win32
		{16EDD624-72C4-42E8-86C7-59F14912AC48}.Debug|x86.Build.0 = Debug|Win32
		{16EDD624-72C4-42E8-86C7-59F14912AC48}.Release|x64.ActiveCfg = Release|x64
		{16EDD624-72C4-42E8-86C7-59F14912AC48}.Release|x64.Build.0 = Release|x64
		{16EDD624-72C4-42E8-86C7-59F14912AC48}.Release|x86.ActiveCfg = Release|Win32
		{16EDD624-72C4-42E8-86C7-59F14912AC48}.Release|x86.Build.0 = Release|Win32
	EndGlobalSection
	GlobalSection(SolutionProperties) = preSolution
		HideSolutionNode = FALSE
	EndGlobalSection
EndGlobal
